
Microsoft Visual Studio Solution File, Format Version 12.00
# Visual Studio Version 18
VisualStudioVersion = 18.3.11512.155
MinimumVisualStudioVersion = 10.0.40219.1
Project("{2150E333-8FDC-42A3-9474-1A3956D46DE8}") = "Services", "Services", "{02EA681E-C7D8-13C7-8484-4AC65E1B71E8}"
EndProject
Project("{2150E333-8FDC-42A3-9474-1A3956D46DE8}") = "Catalog", "Catalog", "{E8C56F82-EAB0-42E5-BD8D-B0B7BB645AF8}"
EndProject
Project("{2150E333-8FDC-42A3-9474-1A3956D46DE8}") = "BuildingBlocks", "BuildingBlocks", "{8B073370-349B-4F6D-8C8E-47FFD086B8E7}"
EndProject
Project("{FAE04EC0-301F-11D3-BF4B-00C04F79EFBC}") = "BuildingBlocks", "BuildingBlocks\BuildingBlocks\BuildingBlocks.csproj", "{E9CF0BD3-7A12-441B-9E59-EF15E57B6420}"
EndProject
Project("{FAE04EC0-301F-11D3-BF4B-00C04F79EFBC}") = "Catalog.API", "Services\Catalog\Catalog.API\Catalog.API.csproj", "{C82857BE-4438-4F23-B085-2982FBAAC837}"
EndProject
Project("{E53339B2-1760-4266-BCC7-CA923CBCF16C}") = "docker-compose", "docker-compose.dcproj", "{81DDED9D-158B-E303-5F62-77A2896D2A5A}"
EndProject
Project("{2150E333-8FDC-42A3-9474-1A3956D46DE8}") = "Basket", "Basket", "{2383998B-3818-471A-BEF3-B14418C331D4}"
EndProject
Project("{FAE04EC0-301F-11D3-BF4B-00C04F79EFBC}") = "Basket.API", "Services\Basket\Basket.API\Basket.API\Basket.API.csproj", "{D39A7790-438A-4A3B-AEDB-47A654B56905}"
EndProject
Project("{2150E333-8FDC-42A3-9474-1A3956D46DE8}") = "Discount", "Discount", "{9FF505AC-93BB-485F-A19B-BE90AAE47D0B}"
EndProject
Project("{FAE04EC0-301F-11D3-BF4B-00C04F79EFBC}") = "Discount.Grpc", "Services\Discount\Discount.Grpc\Discount.Grpc.csproj", "{A1057F78-9336-4162-8A8C-CDAD05B46AF8}"
EndProject
Project("{2150E333-8FDC-42A3-9474-1A3956D46DE8}") = "Ordering", "Ordering", "{71AED9F5-70B2-48F4-9F11-8DD37337D392}"
EndProject
Project("{FAE04EC0-301F-11D3-BF4B-00C04F79EFBC}") = "Ordering.API", "Services\Ordering\Ordering.API\Ordering.API.csproj", "{A78CAFDF-6B3D-4F39-95DE-155031CD38E3}"
EndProject
Project("{FAE04EC0-301F-11D3-BF4B-00C04F79EFBC}") = "Ordering.Domain", "Services\Ordering\Ordering.Domain\Ordering.Domain.csproj", "{918A3588-4180-42D0-811F-0E989FC3C659}"
EndProject
Project("{FAE04EC0-301F-11D3-BF4B-00C04F79EFBC}") = "Ordering.Application", "Services\Ordering\Ordering.Application\Ordering.Application.csproj", "{51DC3DF5-F773-48BD-B3C6-C841B7B8F607}"
EndProject
Project("{FAE04EC0-301F-11D3-BF4B-00C04F79EFBC}") = "Ordering.Infrastructure", "Services\Ordering\Ordering.Infrastructure\Ordering.Infrastructure.csproj", "{26BD4C48-21F0-4871-B23F-1FCD5DD1F08C}"
EndProject
Global
	GlobalSection(SolutionConfigurationPlatforms) = preSolution
		Debug|Any CPU = Debug|Any CPU
		Release|Any CPU = Release|Any CPU
	EndGlobalSection
	GlobalSection(ProjectConfigurationPlatforms) = postSolution
		{E9CF0BD3-7A12-441B-9E59-EF15E57B6420}.Debug|Any CPU.ActiveCfg = Debug|Any CPU
		{E9CF0BD3-7A12-441B-9E59-EF15E57B6420}.Debug|Any CPU.Build.0 = Debug|Any CPU
		{E9CF0BD3-7A12-441B-9E59-EF15E57B6420}.Release|Any CPU.ActiveCfg = Release|Any CPU
		{E9CF0BD3-7A12-441B-9E59-EF15E57B6420}.Release|Any CPU.Build.0 = Release|Any CPU
		{C82857BE-4438-4F23-B085-2982FBAAC837}.Debug|Any CPU.ActiveCfg = Debug|Any CPU
		{C82857BE-4438-4F23-B085-2982FBAAC837}.Debug|Any CPU.Build.0 = Debug|Any CPU
		{C82857BE-4438-4F23-B085-2982FBAAC837}.Release|Any CPU.ActiveCfg = Release|Any CPU
		{C82857BE-4438-4F23-B085-2982FBAAC837}.Release|Any CPU.Build.0 = Release|Any CPU
		{81DDED9D-158B-E303-5F62-77A2896D2A5A}.Debug|Any CPU.ActiveCfg = Debug|Any CPU
		{81DDED9D-158B-E303-5F62-77A2896D2A5A}.Debug|Any CPU.Build.0 = Debug|Any CPU
		{81DDED9D-158B-E303-5F62-77A2896D2A5A}.Release|Any CPU.ActiveCfg = Release|Any CPU
		{81DDED9D-158B-E303-5F62-77A2896D2A5A}.Release|Any CPU.Build.0 = Release|Any CPU
		{D39A7790-438A-4A3B-AEDB-47A654B56905}.Debug|Any CPU.ActiveCfg = Debug|Any CPU
		{D39A7790-438A-4A3B-AEDB-47A654B56905}.Debug|Any CPU.Build.0 = Debug|Any CPU
		{D39A7790-438A-4A3B-AEDB-47A654B56905}.Release|Any CPU.ActiveCfg = Release|Any CPU
		{D39A7790-438A-4A3B-AEDB-47A654B56905}.Release|Any CPU.Build.0 = Release|Any CPU
		{A1057F78-9336-4162-8A8C-CDAD05B46AF8}.Debug|Any CPU.ActiveCfg = Debug|Any CPU
		{A1057F78-9336-4162-8A8C-CDAD05B46AF8}.Debug|Any CPU.Build.0 = Debug|Any CPU
		{A1057F78-9336-4162-8A8C-CDAD05B46AF8}.Release|Any CPU.ActiveCfg = Release|Any CPU
		{A1057F78-9336-4162-8A8C-CDAD05B46AF8}.Release|Any CPU.Build.0 = Release|Any CPU
		{A78CAFDF-6B3D-4F39-95DE-155031CD38E3}.Debug|Any CPU.ActiveCfg = Debug|Any CPU
		{A78CAFDF-6B3D-4F39-95DE-155031CD38E3}.Debug|Any CPU.Build.0 = Debug|Any CPU
		{A78CAFDF-6B3D-4F39-95DE-155031CD38E3}.Release|Any CPU.ActiveCfg = Release|Any CPU
		{A78CAFDF-6B3D-4F39-95DE-155031CD38E3}.Release|Any CPU.Build.0 = Release|Any CPU
		{918A3588-4180-42D0-811F-0E989FC3C659}.Debug|Any CPU.ActiveCfg = Debug|Any CPU
		{918A3588-4180-42D0-811F-0E989FC3C659}.Debug|Any CPU.Build.0 = Debug|Any CPU
		{918A3588-4180-42D0-811F-0E989FC3C659}.Release|Any CPU.ActiveCfg = Release|Any CPU
		{918A3588-4180-42D0-811F-0E989FC3C659}.Release|Any CPU.Build.0 = Release|Any CPU
		{51DC3DF5-F773-48BD-B3C6-C841B7B8F607}.Debug|Any CPU.ActiveCfg = Debug|Any CPU
		{51DC3DF5-F773-48BD-B3C6-C841B7B8F607}.Debug|Any CPU.Build.0 = Debug|Any CPU
		{51DC3DF5-F773-48BD-B3C6-C841B7B8F607}.Release|Any CPU.ActiveCfg = Release|Any CPU
		{51DC3DF5-F773-48BD-B3C6-C841B7B8F607}.Release|Any CPU.Build.0 = Release|Any CPU
		{26BD4C48-21F0-4871-B23F-1FCD5DD1F08C}.Debug|Any CPU.ActiveCfg = Debug|Any CPU
		{26BD4C48-21F0-4871-B23F-1FCD5DD1F08C}.Debug|Any CPU.Build.0 = Debug|Any CPU
		{26BD4C48-21F0-4871-B23F-1FCD5DD1F08C}.Release|Any CPU.ActiveCfg = Release|Any CPU
		{26BD4C48-21F0-4871-B23F-1FCD5DD1F08C}.Release|Any CPU.Build.0 = Release|Any CPU
	EndGlobalSection
	GlobalSection(SolutionProperties) = preSolution
		HideSolutionNode = FALSE
	EndGlobalSection
	GlobalSection(NestedProjects) = preSolution
		{E8C56F82-EAB0-42E5-BD8D-B0B7BB645AF8} = {02EA681E-C7D8-13C7-8484-4AC65E1B71E8}
		{E9CF0BD3-7A12-441B-9E59-EF15E57B6420} = {8B073370-349B-4F6D-8C8E-47FFD086B8E7}
		{C82857BE-4438-4F23-B085-2982FBAAC837} = {E8C56F82-EAB0-42E5-BD8D-B0B7BB645AF8}
		{2383998B-3818-471A-BEF3-B14418C331D4} = {02EA681E-C7D8-13C7-8484-4AC65E1B71E8}
		{D39A7790-438A-4A3B-AEDB-47A654B56905} = {2383998B-3818-471A-BEF3-B14418C331D4}
		{9FF505AC-93BB-485F-A19B-BE90AAE47D0B} = {02EA681E-C7D8-13C7-8484-4AC65E1B71E8}
		{A1057F78-9336-4162-8A8C-CDAD05B46AF8} = {9FF505AC-93BB-485F-A19B-BE90AAE47D0B}
		{71AED9F5-70B2-48F4-9F11-8DD37337D392} = {02EA681E-C7D8-13C7-8484-4AC65E1B71E8}
		{A78CAFDF-6B3D-4F39-95DE-155031CD38E3} = {71AED9F5-70B2-48F4-9F11-8DD37337D392}
		{918A3588-4180-42D0-811F-0E989FC3C659} = {71AED9F5-70B2-48F4-9F11-8DD37337D392}
		{51DC3DF5-F773-48BD-B3C6-C841B7B8F607} = {71AED9F5-70B2-48F4-9F11-8DD37337D392}
		{26BD4C48-21F0-4871-B23F-1FCD5DD1F08C} = {71AED9F5-70B2-48F4-9F11-8DD37337D392}
	EndGlobalSection
	GlobalSection(ExtensibilityGlobals) = postSolution
		SolutionGuid = {65429435-5F36-48A9-BE5B-74986656E6F4}
	EndGlobalSection
EndGlobal
